
Microsoft Visual Studio Solution File, Format Version 12.00
# Visual Studio 14
VisualStudioVersion = 14.0.25420.1
MinimumVisualStudioVersion = 10.0.40219.1
Project("{FAE04EC0-301F-11D3-BF4B-00C04F79EFBC}") = "WpfDemo", "WpfDemo\WpfDemo.csproj", "{DC5C84A6-B101-4EDA-B1E0-2C674C4936F1}"
EndProject
Project("{FAE04EC0-301F-11D3-BF4B-00C04F79EFBC}") = "只使用代码创建wpf", "只使用代码创建wpf\只使用代码创建wpf.csproj", "{84291D42-7564-48D8-BFA6-9AB0B4B32E24}"
EndProject
Project("{FAE04EC0-301F-11D3-BF4B-00C04F79EFBC}") = "动态读取xaml内容", "动态读取xaml内容\动态读取xaml内容.csproj", "{472D9C72-01FA-413F-9212-BACEBC8761C8}"
EndProject
Project("{FAE04EC0-301F-11D3-BF4B-00C04F79EFBC}") = "StaclPanel面板", "StaclPanel面板\StaclPanel面板.csproj", "{1FD55F4F-7112-4DCB-890C-6F052E79BC06}"
EndProject
Project("{FAE04EC0-301F-11D3-BF4B-00C04F79EFBC}") = "WrapPanel面板", "WrapPanel面板\WrapPanel面板.csproj", "{BBB93112-D480-4A2F-9993-5ABFBB973042}"
EndProject
Project("{FAE04EC0-301F-11D3-BF4B-00C04F79EFBC}") = "BasicDialogBox", "BasicDialogBox\BasicDialogBox.csproj", "{24E3E16A-CFE0-4443-973A-7269840F5C68}"
EndProject
Project("{FAE04EC0-301F-11D3-BF4B-00C04F79EFBC}") = "Grid面板", "Grid面板\Grid面板.csproj", "{3836B267-17EC-4BA0-9120-0E29C8E6EAD1}"
EndProject
Project("{FAE04EC0-301F-11D3-BF4B-00C04F79EFBC}") = "MousePosition", "MousePosition\MousePosition.csproj", "{58CD1B54-56D9-4CAB-8DBE-4393D16ADB0D}"
EndProject
Project("{FAE04EC0-301F-11D3-BF4B-00C04F79EFBC}") = "控件类", "控件类\控件类.csproj", "{6E602BEA-7012-43BC-B4D5-9988709255F1}"
EndProject
Project("{FAE04EC0-301F-11D3-BF4B-00C04F79EFBC}") = "内容控件", "内容控件\内容控件.csproj", "{88AA1758-3B63-401C-96C5-AD030268714D}"
EndProject
Project("{FAE04EC0-301F-11D3-BF4B-00C04F79EFBC}") = "特殊容器控件", "特殊容器控件\特殊容器控件.csproj", "{DBA47193-F956-4327-B713-5BD1D5151F01}"
EndProject
Project("{FAE04EC0-301F-11D3-BF4B-00C04F79EFBC}") = "Expander控件", "Expander控件\Expander控件.csproj", "{9A40E884-8151-4D18-A20B-73F72D24AC67}"
EndProject
Project("{FAE04EC0-301F-11D3-BF4B-00C04F79EFBC}") = "文本控件", "文本控件\文本控件.csproj", "{3E8B2B78-005C-4259-BC83-BFCA4201EF68}"
EndProject
Project("{FAE04EC0-301F-11D3-BF4B-00C04F79EFBC}") = "列表控件", "列表控件\列表控件.csproj", "{EC52CBF0-C2E7-4A23-B2BE-40E2C97E4F09}"
EndProject
Project("{FAE04EC0-301F-11D3-BF4B-00C04F79EFBC}") = "范围类型控件", "范围类型控件\范围类型控件.csproj", "{3BD30B95-C080-4CA8-8F51-58438F571EC0}"
EndProject
Project("{FAE04EC0-301F-11D3-BF4B-00C04F79EFBC}") = "日期控件", "日期控件\日期控件.csproj", "{4F8AF570-4471-459D-9B9B-2CDC8ADF9EE5}"
EndProject
Project("{FAE04EC0-301F-11D3-BF4B-00C04F79EFBC}") = "Application类", "Application类\Application类.csproj", "{BEAF1981-0F5E-4A66-8005-3D631A945F87}"
EndProject
Project("{FAE04EC0-301F-11D3-BF4B-00C04F79EFBC}") = "Application任务", "Application任务\Application任务.csproj", "{227E3C86-9F2C-4BB9-8B5F-49CA058B8CE8}"
EndProject
Project("{FAE04EC0-301F-11D3-BF4B-00C04F79EFBC}") = "单实例应用程序", "单实例应用程序\单实例应用程序.csproj", "{51D77150-38C9-4EE1-B9D7-9E834D624A25}"
EndProject
Project("{FAE04EC0-301F-11D3-BF4B-00C04F79EFBC}") = "程序集资源", "程序集资源\程序集资源.csproj", "{83C3BBB7-43C9-42A3-BFBC-31F40834B5EC}"
EndProject
Project("{FAE04EC0-301F-11D3-BF4B-00C04F79EFBC}") = "将元素绑定到一起", "将元素绑定到一起\将元素绑定到一起.csproj", "{031B59AE-FCEF-4C05-A65A-76B2615D338D}"
EndProject
Project("{FAE04EC0-301F-11D3-BF4B-00C04F79EFBC}") = "资源", "资源\资源.csproj", "{C76F76AF-1AB1-4BC8-8C1F-D1D70474A050}"
EndProject
Project("{FAE04EC0-301F-11D3-BF4B-00C04F79EFBC}") = "资源字典", "资源字典\资源字典.csproj", "{85DDA9D3-4294-4D6D-854B-450F6E85A0E2}"
EndProject
Project("{FAE04EC0-301F-11D3-BF4B-00C04F79EFBC}") = "ResourceLibrary", "ResourceLibrary\ResourceLibrary.csproj", "{A36067CD-B7C9-4E67-8034-0EFF47E2AA56}"
EndProject
Project("{FAE04EC0-301F-11D3-BF4B-00C04F79EFBC}") = "样式基础", "样式基础\样式基础.csproj", "{6710DEA3-2938-4527-AF77-9F3462F2D6B8}"
EndProject
Project("{FAE04EC0-301F-11D3-BF4B-00C04F79EFBC}") = "EventSetter", "EventSetter\EventSetter.csproj", "{1E7577BC-D387-4D84-8E19-0290E8FD8B0F}"
EndProject
Project("{FAE04EC0-301F-11D3-BF4B-00C04F79EFBC}") = "触发器", "触发器\触发器.csproj", "{E42162C0-26F9-44D5-9AB4-B1F44676FBAF}"
EndProject
Project("{FAE04EC0-301F-11D3-BF4B-00C04F79EFBC}") = "形状", "形状\形状.csproj", "{69BFDC0A-855D-4933-9B03-8D27CC0A40BF}"
EndProject
Project("{FAE04EC0-301F-11D3-BF4B-00C04F79EFBC}") = "画刷", "画刷\画刷.csproj", "{1FCA3C08-3A48-4168-B1A2-5DB4A4326E2C}"
EndProject
Project("{FAE04EC0-301F-11D3-BF4B-00C04F79EFBC}") = "变换与透明", "变换与透明\变换与透明.csproj", "{F62BA472-0D05-43B5-9AEA-79C50C6B77A0}"
EndProject
Project("{FAE04EC0-301F-11D3-BF4B-00C04F79EFBC}") = "MVVM", "MVVM\MVVM.csproj", "{9F0F2629-F53C-4A95-9424-D03CBC0FAAF8}"
EndProject
Project("{FAE04EC0-301F-11D3-BF4B-00C04F79EFBC}") = "径向渐变画刷", "径向渐变画刷\径向渐变画刷.csproj", "{6DD6EC74-8F9C-4EC0-8400-5B1D6469992A}"
EndProject
Project("{FAE04EC0-301F-11D3-BF4B-00C04F79EFBC}") = "Binding数据", "Binding数据\Binding数据.csproj", "{666F279B-1071-41FE-A91A-1AC487B7A683}"
EndProject
Project("{FAE04EC0-301F-11D3-BF4B-00C04F79EFBC}") = "使用集合对象作为列表控件的ItemSource", "使用集合对象作为列表控件的ItemSource\使用集合对象作为列表控件的ItemSource.csproj", "{3A2C460A-EB7E-4EFD-85C8-D601058FE385}"
EndProject
Project("{FAE04EC0-301F-11D3-BF4B-00C04F79EFBC}") = "使用Xml数据作为Binding的源", "试用Xml数据作为Binding的源\使用Xml数据作为Binding的源.csproj", "{B39EE7F2-58A7-4A48-A3F5-B9EFAB7770BA}"
EndProject
Project("{FAE04EC0-301F-11D3-BF4B-00C04F79EFBC}") = "ObjectdataprovideTest", "ObjectdataprovideTest\ObjectdataprovideTest.csproj", "{EF07F424-D6D9-40A4-9F52-80534B8CC74A}"
EndProject
Project("{FAE04EC0-301F-11D3-BF4B-00C04F79EFBC}") = "RelativeSourceTest", "RelativeSourceTest\RelativeSourceTest.csproj", "{4879624E-927C-48EA-B059-E0043A8B6C10}"
EndProject
Project("{FAE04EC0-301F-11D3-BF4B-00C04F79EFBC}") = "Binding对数据转换和校验", "Binding对数据转换和校验\Binding对数据转换和校验.csproj", "{B82BEAF4-1035-4623-83C5-91A639D7CA49}"
EndProject
Project("{FAE04EC0-301F-11D3-BF4B-00C04F79EFBC}") = "Binding的数据转换", "Binding的数据转换\Binding的数据转换.csproj", "{0BC57FE0-EB07-4A05-BA67-A88F9B82459B}"
EndProject
Global
	GlobalSection(SolutionConfigurationPlatforms) = preSolution
		Debug|Any CPU = Debug|Any CPU
		Release|Any CPU = Release|Any CPU
	EndGlobalSection
	GlobalSection(ProjectConfigurationPlatforms) = postSolution
		{DC5C84A6-B101-4EDA-B1E0-2C674C4936F1}.Debug|Any CPU.ActiveCfg = Debug|Any CPU
		{DC5C84A6-B101-4EDA-B1E0-2C674C4936F1}.Debug|Any CPU.Build.0 = Debug|Any CPU
		{DC5C84A6-B101-4EDA-B1E0-2C674C4936F1}.Release|Any CPU.ActiveCfg = Release|Any CPU
		{DC5C84A6-B101-4EDA-B1E0-2C674C4936F1}.Release|Any CPU.Build.0 = Release|Any CPU
		{84291D42-7564-48D8-BFA6-9AB0B4B32E24}.Debug|Any CPU.ActiveCfg = Debug|Any CPU
		{84291D42-7564-48D8-BFA6-9AB0B4B32E24}.Debug|Any CPU.Build.0 = Debug|Any CPU
		{84291D42-7564-48D8-BFA6-9AB0B4B32E24}.Release|Any CPU.ActiveCfg = Release|Any CPU
		{84291D42-7564-48D8-BFA6-9AB0B4B32E24}.Release|Any CPU.Build.0 = Release|Any CPU
		{472D9C72-01FA-413F-9212-BACEBC8761C8}.Debug|Any CPU.ActiveCfg = Debug|Any CPU
		{472D9C72-01FA-413F-9212-BACEBC8761C8}.Debug|Any CPU.Build.0 = Debug|Any CPU
		{472D9C72-01FA-413F-9212-BACEBC8761C8}.Release|Any CPU.ActiveCfg = Release|Any CPU
		{472D9C72-01FA-413F-9212-BACEBC8761C8}.Release|Any CPU.Build.0 = Release|Any CPU
		{1FD55F4F-7112-4DCB-890C-6F052E79BC06}.Debug|Any CPU.ActiveCfg = Debug|Any CPU
		{1FD55F4F-7112-4DCB-890C-6F052E79BC06}.Debug|Any CPU.Build.0 = Debug|Any CPU
		{1FD55F4F-7112-4DCB-890C-6F052E79BC06}.Release|Any CPU.ActiveCfg = Release|Any CPU
		{1FD55F4F-7112-4DCB-890C-6F052E79BC06}.Release|Any CPU.Build.0 = Release|Any CPU
		{BBB93112-D480-4A2F-9993-5ABFBB973042}.Debug|Any CPU.ActiveCfg = Debug|Any CPU
		{BBB93112-D480-4A2F-9993-5ABFBB973042}.Debug|Any CPU.Build.0 = Debug|Any CPU
		{BBB93112-D480-4A2F-9993-5ABFBB973042}.Release|Any CPU.ActiveCfg = Release|Any CPU
		{BBB93112-D480-4A2F-9993-5ABFBB973042}.Release|Any CPU.Build.0 = Release|Any CPU
		{24E3E16A-CFE0-4443-973A-7269840F5C68}.Debug|Any CPU.ActiveCfg = Debug|Any CPU
		{24E3E16A-CFE0-4443-973A-7269840F5C68}.Debug|Any CPU.Build.0 = Debug|Any CPU
		{24E3E16A-CFE0-4443-973A-7269840F5C68}.Release|Any CPU.ActiveCfg = Release|Any CPU
		{24E3E16A-CFE0-4443-973A-7269840F5C68}.Release|Any CPU.Build.0 = Release|Any CPU
		{3836B267-17EC-4BA0-9120-0E29C8E6EAD1}.Debug|Any CPU.ActiveCfg = Debug|Any CPU
		{3836B267-17EC-4BA0-9120-0E29C8E6EAD1}.Debug|Any CPU.Build.0 = Debug|Any CPU
		{3836B267-17EC-4BA0-9120-0E29C8E6EAD1}.Release|Any CPU.ActiveCfg = Release|Any CPU
		{3836B267-17EC-4BA0-9120-0E29C8E6EAD1}.Release|Any CPU.Build.0 = Release|Any CPU
		{58CD1B54-56D9-4CAB-8DBE-4393D16ADB0D}.Debug|Any CPU.ActiveCfg = Debug|Any CPU
		{58CD1B54-56D9-4CAB-8DBE-4393D16ADB0D}.Debug|Any CPU.Build.0 = Debug|Any CPU
		{58CD1B54-56D9-4CAB-8DBE-4393D16ADB0D}.Release|Any CPU.ActiveCfg = Release|Any CPU
		{58CD1B54-56D9-4CAB-8DBE-4393D16ADB0D}.Release|Any CPU.Build.0 = Release|Any CPU
		{6E602BEA-7012-43BC-B4D5-9988709255F1}.Debug|Any CPU.ActiveCfg = Debug|Any CPU
		{6E602BEA-7012-43BC-B4D5-9988709255F1}.Debug|Any CPU.Build.0 = Debug|Any CPU
		{6E602BEA-7012-43BC-B4D5-9988709255F1}.Release|Any CPU.ActiveCfg = Release|Any CPU
		{6E602BEA-7012-43BC-B4D5-9988709255F1}.Release|Any CPU.Build.0 = Release|Any CPU
		{88AA1758-3B63-401C-96C5-AD030268714D}.Debug|Any CPU.ActiveCfg = Debug|Any CPU
		{88AA1758-3B63-401C-96C5-AD030268714D}.Debug|Any CPU.Build.0 = Debug|Any CPU
		{88AA1758-3B63-401C-96C5-AD030268714D}.Release|Any CPU.ActiveCfg = Release|Any CPU
		{88AA1758-3B63-401C-96C5-AD030268714D}.Release|Any CPU.Build.0 = Release|Any CPU
		{DBA47193-F956-4327-B713-5BD1D5151F01}.Debug|Any CPU.ActiveCfg = Debug|Any CPU
		{DBA47193-F956-4327-B713-5BD1D5151F01}.Debug|Any CPU.Build.0 = Debug|Any CPU
		{DBA47193-F956-4327-B713-5BD1D5151F01}.Release|Any CPU.ActiveCfg = Release|Any CPU
		{DBA47193-F956-4327-B713-5BD1D5151F01}.Release|Any CPU.Build.0 = Release|Any CPU
		{9A40E884-8151-4D18-A20B-73F72D24AC67}.Debug|Any CPU.ActiveCfg = Debug|Any CPU
		{9A40E884-8151-4D18-A20B-73F72D24AC67}.Debug|Any CPU.Build.0 = Debug|Any CPU
		{9A40E884-8151-4D18-A20B-73F72D24AC67}.Release|Any CPU.ActiveCfg = Release|Any CPU
		{9A40E884-8151-4D18-A20B-73F72D24AC67}.Release|Any CPU.Build.0 = Release|Any CPU
		{3E8B2B78-005C-4259-BC83-BFCA4201EF68}.Debug|Any CPU.ActiveCfg = Debug|Any CPU
		{3E8B2B78-005C-4259-BC83-BFCA4201EF68}.Debug|Any CPU.Build.0 = Debug|Any CPU
		{3E8B2B78-005C-4259-BC83-BFCA4201EF68}.Release|Any CPU.ActiveCfg = Release|Any CPU
		{3E8B2B78-005C-4259-BC83-BFCA4201EF68}.Release|Any CPU.Build.0 = Release|Any CPU
		{EC52CBF0-C2E7-4A23-B2BE-40E2C97E4F09}.Debug|Any CPU.ActiveCfg = Debug|Any CPU
		{EC52CBF0-C2E7-4A23-B2BE-40E2C97E4F09}.Debug|Any CPU.Build.0 = Debug|Any CPU
		{EC52CBF0-C2E7-4A23-B2BE-40E2C97E4F09}.Release|Any CPU.ActiveCfg = Release|Any CPU
		{EC52CBF0-C2E7-4A23-B2BE-40E2C97E4F09}.Release|Any CPU.Build.0 = Release|Any CPU
		{3BD30B95-C080-4CA8-8F51-58438F571EC0}.Debug|Any CPU.ActiveCfg = Debug|Any CPU
		{3BD30B95-C080-4CA8-8F51-58438F571EC0}.Debug|Any CPU.Build.0 = Debug|Any CPU
		{3BD30B95-C080-4CA8-8F51-58438F571EC0}.Release|Any CPU.ActiveCfg = Release|Any CPU
		{3BD30B95-C080-4CA8-8F51-58438F571EC0}.Release|Any CPU.Build.0 = Release|Any CPU
		{4F8AF570-4471-459D-9B9B-2CDC8ADF9EE5}.Debug|Any CPU.ActiveCfg = Debug|Any CPU
		{4F8AF570-4471-459D-9B9B-2CDC8ADF9EE5}.Debug|Any CPU.Build.0 = Debug|Any CPU
		{4F8AF570-4471-459D-9B9B-2CDC8ADF9EE5}.Release|Any CPU.ActiveCfg = Release|Any CPU
		{4F8AF570-4471-459D-9B9B-2CDC8ADF9EE5}.Release|Any CPU.Build.0 = Release|Any CPU
		{BEAF1981-0F5E-4A66-8005-3D631A945F87}.Debug|Any CPU.ActiveCfg = Debug|Any CPU
		{BEAF1981-0F5E-4A66-8005-3D631A945F87}.Debug|Any CPU.Build.0 = Debug|Any CPU
		{BEAF1981-0F5E-4A66-8005-3D631A945F87}.Release|Any CPU.ActiveCfg = Release|Any CPU
		{BEAF1981-0F5E-4A66-8005-3D631A945F87}.Release|Any CPU.Build.0 = Release|Any CPU
		{227E3C86-9F2C-4BB9-8B5F-49CA058B8CE8}.Debug|Any CPU.ActiveCfg = Debug|Any CPU
		{227E3C86-9F2C-4BB9-8B5F-49CA058B8CE8}.Debug|Any CPU.Build.0 = Debug|Any CPU
		{227E3C86-9F2C-4BB9-8B5F-49CA058B8CE8}.Release|Any CPU.ActiveCfg = Release|Any CPU
		{227E3C86-9F2C-4BB9-8B5F-49CA058B8CE8}.Release|Any CPU.Build.0 = Release|Any CPU
		{51D77150-38C9-4EE1-B9D7-9E834D624A25}.Debug|Any CPU.ActiveCfg = Debug|Any CPU
		{51D77150-38C9-4EE1-B9D7-9E834D624A25}.Debug|Any CPU.Build.0 = Debug|Any CPU
		{51D77150-38C9-4EE1-B9D7-9E834D624A25}.Release|Any CPU.ActiveCfg = Release|Any CPU
		{51D77150-38C9-4EE1-B9D7-9E834D624A25}.Release|Any CPU.Build.0 = Release|Any CPU
		{83C3BBB7-43C9-42A3-BFBC-31F40834B5EC}.Debug|Any CPU.ActiveCfg = Debug|Any CPU
		{83C3BBB7-43C9-42A3-BFBC-31F40834B5EC}.Debug|Any CPU.Build.0 = Debug|Any CPU
		{83C3BBB7-43C9-42A3-BFBC-31F40834B5EC}.Release|Any CPU.ActiveCfg = Release|Any CPU
		{83C3BBB7-43C9-42A3-BFBC-31F40834B5EC}.Release|Any CPU.Build.0 = Release|Any CPU
		{031B59AE-FCEF-4C05-A65A-76B2615D338D}.Debug|Any CPU.ActiveCfg = Debug|Any CPU
		{031B59AE-FCEF-4C05-A65A-76B2615D338D}.Debug|Any CPU.Build.0 = Debug|Any CPU
		{031B59AE-FCEF-4C05-A65A-76B2615D338D}.Release|Any CPU.ActiveCfg = Release|Any CPU
		{031B59AE-FCEF-4C05-A65A-76B2615D338D}.Release|Any CPU.Build.0 = Release|Any CPU
		{C76F76AF-1AB1-4BC8-8C1F-D1D70474A050}.Debug|Any CPU.ActiveCfg = Debug|Any CPU
		{C76F76AF-1AB1-4BC8-8C1F-D1D70474A050}.Debug|Any CPU.Build.0 = Debug|Any CPU
		{C76F76AF-1AB1-4BC8-8C1F-D1D70474A050}.Release|Any CPU.ActiveCfg = Release|Any CPU
		{C76F76AF-1AB1-4BC8-8C1F-D1D70474A050}.Release|Any CPU.Build.0 = Release|Any CPU
		{85DDA9D3-4294-4D6D-854B-450F6E85A0E2}.Debug|Any CPU.ActiveCfg = Debug|Any CPU
		{85DDA9D3-4294-4D6D-854B-450F6E85A0E2}.Debug|Any CPU.Build.0 = Debug|Any CPU
		{85DDA9D3-4294-4D6D-854B-450F6E85A0E2}.Release|Any CPU.ActiveCfg = Release|Any CPU
		{85DDA9D3-4294-4D6D-854B-450F6E85A0E2}.Release|Any CPU.Build.0 = Release|Any CPU
		{A36067CD-B7C9-4E67-8034-0EFF47E2AA56}.Debug|Any CPU.ActiveCfg = Debug|Any CPU
		{A36067CD-B7C9-4E67-8034-0EFF47E2AA56}.Debug|Any CPU.Build.0 = Debug|Any CPU
		{A36067CD-B7C9-4E67-8034-0EFF47E2AA56}.Release|Any CPU.ActiveCfg = Release|Any CPU
		{A36067CD-B7C9-4E67-8034-0EFF47E2AA56}.Release|Any CPU.Build.0 = Release|Any CPU
		{6710DEA3-2938-4527-AF77-9F3462F2D6B8}.Debug|Any CPU.ActiveCfg = Debug|Any CPU
		{6710DEA3-2938-4527-AF77-9F3462F2D6B8}.Debug|Any CPU.Build.0 = Debug|Any CPU
		{6710DEA3-2938-4527-AF77-9F3462F2D6B8}.Release|Any CPU.ActiveCfg = Release|Any CPU
		{6710DEA3-2938-4527-AF77-9F3462F2D6B8}.Release|Any CPU.Build.0 = Release|Any CPU
		{1E7577BC-D387-4D84-8E19-0290E8FD8B0F}.Debug|Any CPU.ActiveCfg = Debug|Any CPU
		{1E7577BC-D387-4D84-8E19-0290E8FD8B0F}.Debug|Any CPU.Build.0 = Debug|Any CPU
		{1E7577BC-D387-4D84-8E19-0290E8FD8B0F}.Release|Any CPU.ActiveCfg = Release|Any CPU
		{1E7577BC-D387-4D84-8E19-0290E8FD8B0F}.Release|Any CPU.Build.0 = Release|Any CPU
		{E42162C0-26F9-44D5-9AB4-B1F44676FBAF}.Debug|Any CPU.ActiveCfg = Debug|Any CPU
		{E42162C0-26F9-44D5-9AB4-B1F44676FBAF}.Debug|Any CPU.Build.0 = Debug|Any CPU
		{E42162C0-26F9-44D5-9AB4-B1F44676FBAF}.Release|Any CPU.ActiveCfg = Release|Any CPU
		{E42162C0-26F9-44D5-9AB4-B1F44676FBAF}.Release|Any CPU.Build.0 = Release|Any CPU
		{69BFDC0A-855D-4933-9B03-8D27CC0A40BF}.Debug|Any CPU.ActiveCfg = Debug|Any CPU
		{69BFDC0A-855D-4933-9B03-8D27CC0A40BF}.Debug|Any CPU.Build.0 = Debug|Any CPU
		{69BFDC0A-855D-4933-9B03-8D27CC0A40BF}.Release|Any CPU.ActiveCfg = Release|Any CPU
		{69BFDC0A-855D-4933-9B03-8D27CC0A40BF}.Release|Any CPU.Build.0 = Release|Any CPU
		{1FCA3C08-3A48-4168-B1A2-5DB4A4326E2C}.Debug|Any CPU.ActiveCfg = Debug|Any CPU
		{1FCA3C08-3A48-4168-B1A2-5DB4A4326E2C}.Debug|Any CPU.Build.0 = Debug|Any CPU
		{1FCA3C08-3A48-4168-B1A2-5DB4A4326E2C}.Release|Any CPU.ActiveCfg = Release|Any CPU
		{1FCA3C08-3A48-4168-B1A2-5DB4A4326E2C}.Release|Any CPU.Build.0 = Release|Any CPU
		{F62BA472-0D05-43B5-9AEA-79C50C6B77A0}.Debug|Any CPU.ActiveCfg = Debug|Any CPU
		{F62BA472-0D05-43B5-9AEA-79C50C6B77A0}.Debug|Any CPU.Build.0 = Debug|Any CPU
		{F62BA472-0D05-43B5-9AEA-79C50C6B77A0}.Release|Any CPU.ActiveCfg = Release|Any CPU
		{F62BA472-0D05-43B5-9AEA-79C50C6B77A0}.Release|Any CPU.Build.0 = Release|Any CPU
		{9F0F2629-F53C-4A95-9424-D03CBC0FAAF8}.Debug|Any CPU.ActiveCfg = Debug|Any CPU
		{9F0F2629-F53C-4A95-9424-D03CBC0FAAF8}.Debug|Any CPU.Build.0 = Debug|Any CPU
		{9F0F2629-F53C-4A95-9424-D03CBC0FAAF8}.Release|Any CPU.ActiveCfg = Release|Any CPU
		{9F0F2629-F53C-4A95-9424-D03CBC0FAAF8}.Release|Any CPU.Build.0 = Release|Any CPU
		{6DD6EC74-8F9C-4EC0-8400-5B1D6469992A}.Debug|Any CPU.ActiveCfg = Debug|Any CPU
		{6DD6EC74-8F9C-4EC0-8400-5B1D6469992A}.Debug|Any CPU.Build.0 = Debug|Any CPU
		{6DD6EC74-8F9C-4EC0-8400-5B1D6469992A}.Release|Any CPU.ActiveCfg = Release|Any CPU
		{6DD6EC74-8F9C-4EC0-8400-5B1D6469992A}.Release|Any CPU.Build.0 = Release|Any CPU
		{666F279B-1071-41FE-A91A-1AC487B7A683}.Debug|Any CPU.ActiveCfg = Debug|Any CPU
		{666F279B-1071-41FE-A91A-1AC487B7A683}.Debug|Any CPU.Build.0 = Debug|Any CPU
		{666F279B-1071-41FE-A91A-1AC487B7A683}.Release|Any CPU.ActiveCfg = Release|Any CPU
		{666F279B-1071-41FE-A91A-1AC487B7A683}.Release|Any CPU.Build.0 = Release|Any CPU
		{3A2C460A-EB7E-4EFD-85C8-D601058FE385}.Debug|Any CPU.ActiveCfg = Debug|Any CPU
		{3A2C460A-EB7E-4EFD-85C8-D601058FE385}.Debug|Any CPU.Build.0 = Debug|Any CPU
		{3A2C460A-EB7E-4EFD-85C8-D601058FE385}.Release|Any CPU.ActiveCfg = Release|Any CPU
		{3A2C460A-EB7E-4EFD-85C8-D601058FE385}.Release|Any CPU.Build.0 = Release|Any CPU
		{B39EE7F2-58A7-4A48-A3F5-B9EFAB7770BA}.Debug|Any CPU.ActiveCfg = Debug|Any CPU
		{B39EE7F2-58A7-4A48-A3F5-B9EFAB7770BA}.Debug|Any CPU.Build.0 = Debug|Any CPU
		{B39EE7F2-58A7-4A48-A3F5-B9EFAB7770BA}.Release|Any CPU.ActiveCfg = Release|Any CPU
		{B39EE7F2-58A7-4A48-A3F5-B9EFAB7770BA}.Release|Any CPU.Build.0 = Release|Any CPU
		{EF07F424-D6D9-40A4-9F52-80534B8CC74A}.Debug|Any CPU.ActiveCfg = Debug|Any CPU
		{EF07F424-D6D9-40A4-9F52-80534B8CC74A}.Debug|Any CPU.Build.0 = Debug|Any CPU
		{EF07F424-D6D9-40A4-9F52-80534B8CC74A}.Release|Any CPU.ActiveCfg = Release|Any CPU
		{EF07F424-D6D9-40A4-9F52-80534B8CC74A}.Release|Any CPU.Build.0 = Release|Any CPU
		{4879624E-927C-48EA-B059-E0043A8B6C10}.Debug|Any CPU.ActiveCfg = Debug|Any CPU
		{4879624E-927C-48EA-B059-E0043A8B6C10}.Debug|Any CPU.Build.0 = Debug|Any CPU
		{4879624E-927C-48EA-B059-E0043A8B6C10}.Release|Any CPU.ActiveCfg = Release|Any CPU
		{4879624E-927C-48EA-B059-E0043A8B6C10}.Release|Any CPU.Build.0 = Release|Any CPU
		{B82BEAF4-1035-4623-83C5-91A639D7CA49}.Debug|Any CPU.ActiveCfg = Debug|Any CPU
		{B82BEAF4-1035-4623-83C5-91A639D7CA49}.Debug|Any CPU.Build.0 = Debug|Any CPU
		{B82BEAF4-1035-4623-83C5-91A639D7CA49}.Release|Any CPU.ActiveCfg = Release|Any CPU
		{B82BEAF4-1035-4623-83C5-91A639D7CA49}.Release|Any CPU.Build.0 = Release|Any CPU
		{0BC57FE0-EB07-4A05-BA67-A88F9B82459B}.Debug|Any CPU.ActiveCfg = Debug|Any CPU
		{0BC57FE0-EB07-4A05-BA67-A88F9B82459B}.Debug|Any CPU.Build.0 = Debug|Any CPU
		{0BC57FE0-EB07-4A05-BA67-A88F9B82459B}.Release|Any CPU.ActiveCfg = Release|Any CPU
		{0BC57FE0-EB07-4A05-BA67-A88F9B82459B}.Release|Any CPU.Build.0 = Release|Any CPU
	EndGlobalSection
	GlobalSection(SolutionProperties) = preSolution
		HideSolutionNode = FALSE
	EndGlobalSection
EndGlobal
